
Microsoft Visual Studio Solution File, Format Version 12.00
# Visual Studio Version 16
VisualStudioVersion = 16.0.32228.343
MinimumVisualStudioVersion = 10.0.40219.1
Project("{FAE04EC0-301F-11D3-BF4B-00C04F79EFBC}") = "MyFirstProgram", "MyFirstProgram\MyFirstProgram.csproj", "{65F11F97-CD12-4ABD-8854-B43D74D515F1}"
EndProject
Global
	GlobalSection(SolutionConfigurationPlatforms) = preSolution
		Debug|Any CPU = Debug|Any CPU
		Release|Any CPU = Release|Any CPU
	EndGlobalSection
	GlobalSection(ProjectConfigurationPlatforms) = postSolution
		{65F11F97-CD12-4ABD-8854-B43D74D515F1}.Debug|Any CPU.ActiveCfg = Debug|Any CPU
		{65F11F97-CD12-4ABD-8854-B43D74D515F1}.Debug|Any CPU.Build.0 = Debug|Any CPU
		{65F11F97-CD12-4ABD-8854-B43D74D515F1}.Release|Any CPU.ActiveCfg = Release|Any CPU
		{65F11F97-CD12-4ABD-8854-B43D74D515F1}.Release|Any CPU.Build.0 = Release|Any CPU
	EndGlobalSection
	GlobalSection(SolutionProperties) = preSolution
		HideSolutionNode = FALSE
	EndGlobalSection
	GlobalSection(ExtensibilityGlobals) = postSolution
		SolutionGuid = {DF4BBD0E-0A94-40AA-8918-371EDC17B68F}
	EndGlobalSection
EndGlobal
